
Microsoft Visual Studio Solution File, Format Version 10.00
# Visual Studio 2008
Project("{FAE04EC0-301F-11D3-BF4B-00C04F79EFBC}") = "GoogleAnalyticsSample", "GoogleAnalyticsSample\GoogleAnalyticsSample.csproj", "{73283EAA-DA55-455F-8F72-F070E3F2242B}"
EndProject
Global
	GlobalSection(SolutionConfigurationPlatforms) = preSolution
		Debug|iPhoneSimulator = Debug|iPhoneSimulator
		Release|iPhoneSimulator = Release|iPhoneSimulator
		Debug|iPhone = Debug|iPhone
		Release|iPhone = Release|iPhone
	EndGlobalSection
	GlobalSection(ProjectConfigurationPlatforms) = postSolution
		{73283EAA-DA55-455F-8F72-F070E3F2242B}.Debug|iPhone.ActiveCfg = Debug|iPhone
		{73283EAA-DA55-455F-8F72-F070E3F2242B}.Debug|iPhone.Build.0 = Debug|iPhone
		{73283EAA-DA55-455F-8F72-F070E3F2242B}.Debug|iPhoneSimulator.ActiveCfg = Debug|iPhoneSimulator
		{73283EAA-DA55-455F-8F72-F070E3F2242B}.Debug|iPhoneSimulator.Build.0 = Debug|iPhoneSimulator
		{73283EAA-DA55-455F-8F72-F070E3F2242B}.Release|iPhone.ActiveCfg = Release|iPhone
		{73283EAA-DA55-455F-8F72-F070E3F2242B}.Release|iPhone.Build.0 = Release|iPhone
		{73283EAA-DA55-455F-8F72-F070E3F2242B}.Release|iPhoneSimulator.ActiveCfg = Release|iPhoneSimulator
		{73283EAA-DA55-455F-8F72-F070E3F2242B}.Release|iPhoneSimulator.Build.0 = Release|iPhoneSimulator
	EndGlobalSection
	GlobalSection(MonoDevelopProperties) = preSolution
		StartupItem = GoogleAnalyticsSample\GoogleAnalyticsSample.csproj
	EndGlobalSection
EndGlobal
